
Microsoft Visual Studio Solution File, Format Version 12.00
# Visual Studio Version 16
VisualStudioVersion = 16.0.30320.27
MinimumVisualStudioVersion = 10.0.40219.1
Project("{9A19103F-16F7-4668-BE54-9A1E7A4F7556}") = "OctoPatch", "OctoPatch\OctoPatch.csproj", "{9D7B95C5-53F4-4ED0-A708-E377D3C1EC63}"
EndProject
Project("{9A19103F-16F7-4668-BE54-9A1E7A4F7556}") = "OctoConsole", "OctoConsole\OctoConsole.csproj", "{262A1364-4683-49B4-8656-0DAF3F9CA70A}"
EndProject
Project("{9A19103F-16F7-4668-BE54-9A1E7A4F7556}") = "OctoPatch.DesktopClient", "OctoPatch.DesktopClient\OctoPatch.DesktopClient.csproj", "{DCA000DE-4D53-4CCE-A02B-4233CD634978}"
EndProject
Project("{2150E333-8FDC-42A3-9474-1A3956D46DE8}") = "Tests", "Tests", "{FA7B21A1-3ADA-4C35-BF59-100BFD2A689D}"
EndProject
Project("{9A19103F-16F7-4668-BE54-9A1E7A4F7556}") = "OctoPatch.Test", "Tests\OctoPatch.Test\OctoPatch.Test.csproj", "{3D3AF718-9190-4B48-B922-20778F5553E1}"
EndProject
Project("{9A19103F-16F7-4668-BE54-9A1E7A4F7556}") = "ConsoleExtended", "ConsoleExtended\ConsoleExtended.csproj", "{E009D12F-ECB6-42BA-8A4F-0C9464F632BA}"
EndProject
Project("{FAE04EC0-301F-11D3-BF4B-00C04F79EFBC}") = "OctoPatch.Communication", "OctoPatch.Communication\OctoPatch.Communication.csproj", "{2435FBF1-5270-4CE5-84BB-C2E2967501C3}"
EndProject
Project("{9A19103F-16F7-4668-BE54-9A1E7A4F7556}") = "OctoPatch.Communication.Host", "OctoPatch.Communication.Host\OctoPatch.Communication.Host.csproj", "{9D348728-B428-4B45-AF91-555D0F248A18}"
EndProject
Project("{FAE04EC0-301F-11D3-BF4B-00C04F79EFBC}") = "OctoPatch.Communication.Client", "OctoPatch.Communication.Client\OctoPatch.Communication.Client.csproj", "{D03A0AA0-1F95-46FA-A377-55529DEC7B04}"
EndProject
Project("{9A19103F-16F7-4668-BE54-9A1E7A4F7556}") = "OctoPatch.Plugin.Midi", "OctoPatch.Plugin.Midi\OctoPatch.Plugin.Midi.csproj", "{2FD26CBC-377A-4144-BB2F-5C58BDDE4CC7}"
EndProject
Project("{FAE04EC0-301F-11D3-BF4B-00C04F79EFBC}") = "OctoPatch.Runtime", "OctoPatch.Runtime\OctoPatch.Runtime.csproj", "{D5C6F8A1-E1DB-4D89-8116-E0D775EEC0A1}"
EndProject
Global
	GlobalSection(SolutionConfigurationPlatforms) = preSolution
		Debug|Any CPU = Debug|Any CPU
		Release|Any CPU = Release|Any CPU
	EndGlobalSection
	GlobalSection(ProjectConfigurationPlatforms) = postSolution
		{9D7B95C5-53F4-4ED0-A708-E377D3C1EC63}.Debug|Any CPU.ActiveCfg = Debug|Any CPU
		{9D7B95C5-53F4-4ED0-A708-E377D3C1EC63}.Debug|Any CPU.Build.0 = Debug|Any CPU
		{9D7B95C5-53F4-4ED0-A708-E377D3C1EC63}.Release|Any CPU.ActiveCfg = Release|Any CPU
		{9D7B95C5-53F4-4ED0-A708-E377D3C1EC63}.Release|Any CPU.Build.0 = Release|Any CPU
		{262A1364-4683-49B4-8656-0DAF3F9CA70A}.Debug|Any CPU.ActiveCfg = Debug|Any CPU
		{262A1364-4683-49B4-8656-0DAF3F9CA70A}.Debug|Any CPU.Build.0 = Debug|Any CPU
		{262A1364-4683-49B4-8656-0DAF3F9CA70A}.Release|Any CPU.ActiveCfg = Release|Any CPU
		{262A1364-4683-49B4-8656-0DAF3F9CA70A}.Release|Any CPU.Build.0 = Release|Any CPU
		{DCA000DE-4D53-4CCE-A02B-4233CD634978}.Debug|Any CPU.ActiveCfg = Debug|Any CPU
		{DCA000DE-4D53-4CCE-A02B-4233CD634978}.Debug|Any CPU.Build.0 = Debug|Any CPU
		{DCA000DE-4D53-4CCE-A02B-4233CD634978}.Release|Any CPU.ActiveCfg = Release|Any CPU
		{DCA000DE-4D53-4CCE-A02B-4233CD634978}.Release|Any CPU.Build.0 = Release|Any CPU
		{3D3AF718-9190-4B48-B922-20778F5553E1}.Debug|Any CPU.ActiveCfg = Debug|Any CPU
		{3D3AF718-9190-4B48-B922-20778F5553E1}.Debug|Any CPU.Build.0 = Debug|Any CPU
		{3D3AF718-9190-4B48-B922-20778F5553E1}.Release|Any CPU.ActiveCfg = Release|Any CPU
		{3D3AF718-9190-4B48-B922-20778F5553E1}.Release|Any CPU.Build.0 = Release|Any CPU
		{E009D12F-ECB6-42BA-8A4F-0C9464F632BA}.Debug|Any CPU.ActiveCfg = Debug|Any CPU
		{E009D12F-ECB6-42BA-8A4F-0C9464F632BA}.Debug|Any CPU.Build.0 = Debug|Any CPU
		{E009D12F-ECB6-42BA-8A4F-0C9464F632BA}.Release|Any CPU.ActiveCfg = Release|Any CPU
		{E009D12F-ECB6-42BA-8A4F-0C9464F632BA}.Release|Any CPU.Build.0 = Release|Any CPU
		{2435FBF1-5270-4CE5-84BB-C2E2967501C3}.Debug|Any CPU.ActiveCfg = Debug|Any CPU
		{2435FBF1-5270-4CE5-84BB-C2E2967501C3}.Debug|Any CPU.Build.0 = Debug|Any CPU
		{2435FBF1-5270-4CE5-84BB-C2E2967501C3}.Release|Any CPU.ActiveCfg = Release|Any CPU
		{2435FBF1-5270-4CE5-84BB-C2E2967501C3}.Release|Any CPU.Build.0 = Release|Any CPU
		{9D348728-B428-4B45-AF91-555D0F248A18}.Debug|Any CPU.ActiveCfg = Debug|Any CPU
		{9D348728-B428-4B45-AF91-555D0F248A18}.Debug|Any CPU.Build.0 = Debug|Any CPU
		{9D348728-B428-4B45-AF91-555D0F248A18}.Release|Any CPU.ActiveCfg = Release|Any CPU
		{9D348728-B428-4B45-AF91-555D0F248A18}.Release|Any CPU.Build.0 = Release|Any CPU
		{D03A0AA0-1F95-46FA-A377-55529DEC7B04}.Debug|Any CPU.ActiveCfg = Debug|Any CPU
		{D03A0AA0-1F95-46FA-A377-55529DEC7B04}.Debug|Any CPU.Build.0 = Debug|Any CPU
		{D03A0AA0-1F95-46FA-A377-55529DEC7B04}.Release|Any CPU.ActiveCfg = Release|Any CPU
		{D03A0AA0-1F95-46FA-A377-55529DEC7B04}.Release|Any CPU.Build.0 = Release|Any CPU
		{2FD26CBC-377A-4144-BB2F-5C58BDDE4CC7}.Debug|Any CPU.ActiveCfg = Debug|Any CPU
		{2FD26CBC-377A-4144-BB2F-5C58BDDE4CC7}.Debug|Any CPU.Build.0 = Debug|Any CPU
		{2FD26CBC-377A-4144-BB2F-5C58BDDE4CC7}.Release|Any CPU.ActiveCfg = Release|Any CPU
		{2FD26CBC-377A-4144-BB2F-5C58BDDE4CC7}.Release|Any CPU.Build.0 = Release|Any CPU
		{D5C6F8A1-E1DB-4D89-8116-E0D775EEC0A1}.Debug|Any CPU.ActiveCfg = Debug|Any CPU
		{D5C6F8A1-E1DB-4D89-8116-E0D775EEC0A1}.Debug|Any CPU.Build.0 = Debug|Any CPU
		{D5C6F8A1-E1DB-4D89-8116-E0D775EEC0A1}.Release|Any CPU.ActiveCfg = Release|Any CPU
		{D5C6F8A1-E1DB-4D89-8116-E0D775EEC0A1}.Release|Any CPU.Build.0 = Release|Any CPU
	EndGlobalSection
	GlobalSection(SolutionProperties) = preSolution
		HideSolutionNode = FALSE
	EndGlobalSection
	GlobalSection(NestedProjects) = preSolution
		{3D3AF718-9190-4B48-B922-20778F5553E1} = {FA7B21A1-3ADA-4C35-BF59-100BFD2A689D}
	EndGlobalSection
	GlobalSection(ExtensibilityGlobals) = postSolution
		SolutionGuid = {8F9B99B3-F5BE-4428-9751-1CC99FA5761B}
	EndGlobalSection
EndGlobal
